
Microsoft Visual Studio Solution File, Format Version 12.00
# Visual Studio Version 16
VisualStudioVersion = 16.0.31410.357
MinimumVisualStudioVersion = 10.0.40219.1
Project("{FAE04EC0-301F-11D3-BF4B-00C04F79EFBC}") = "WebAPIForDay6", "WebAPIForDay6.csproj", "{5BD120FD-85B3-4A1A-AE27-A20F8F05F269}"
EndProject
Global
	GlobalSection(SolutionConfigurationPlatforms) = preSolution
		Debug|Any CPU = Debug|Any CPU
		Release|Any CPU = Release|Any CPU
	EndGlobalSection
	GlobalSection(ProjectConfigurationPlatforms) = postSolution
		{5BD120FD-85B3-4A1A-AE27-A20F8F05F269}.Debug|Any CPU.ActiveCfg = Debug|Any CPU
		{5BD120FD-85B3-4A1A-AE27-A20F8F05F269}.Debug|Any CPU.Build.0 = Debug|Any CPU
		{5BD120FD-85B3-4A1A-AE27-A20F8F05F269}.Release|Any CPU.ActiveCfg = Release|Any CPU
		{5BD120FD-85B3-4A1A-AE27-A20F8F05F269}.Release|Any CPU.Build.0 = Release|Any CPU
	EndGlobalSection
	GlobalSection(SolutionProperties) = preSolution
		HideSolutionNode = FALSE
	EndGlobalSection
	GlobalSection(ExtensibilityGlobals) = postSolution
		SolutionGuid = {A4AD9F58-ED4A-40F2-968A-FABC685902B4}
	EndGlobalSection
EndGlobal
