
Microsoft Visual Studio Solution File, Format Version 12.00
# Visual Studio Version 16
VisualStudioVersion = 16.0.31410.357
MinimumVisualStudioVersion = 10.0.40219.1
Project("{FAE04EC0-301F-11D3-BF4B-00C04F79EFBC}") = "Stage4Day7Handson2", "Stage4Day7Handson2.csproj", "{EF585DEC-9438-4FE2-8864-301C5E39664D}"
EndProject
Global
	GlobalSection(SolutionConfigurationPlatforms) = preSolution
		Debug|Any CPU = Debug|Any CPU
		Release|Any CPU = Release|Any CPU
	EndGlobalSection
	GlobalSection(ProjectConfigurationPlatforms) = postSolution
		{EF585DEC-9438-4FE2-8864-301C5E39664D}.Debug|Any CPU.ActiveCfg = Debug|Any CPU
		{EF585DEC-9438-4FE2-8864-301C5E39664D}.Debug|Any CPU.Build.0 = Debug|Any CPU
		{EF585DEC-9438-4FE2-8864-301C5E39664D}.Release|Any CPU.ActiveCfg = Release|Any CPU
		{EF585DEC-9438-4FE2-8864-301C5E39664D}.Release|Any CPU.Build.0 = Release|Any CPU
	EndGlobalSection
	GlobalSection(SolutionProperties) = preSolution
		HideSolutionNode = FALSE
	EndGlobalSection
	GlobalSection(ExtensibilityGlobals) = postSolution
		SolutionGuid = {7D25721B-C811-4C46-B03D-485B0497C48B}
	EndGlobalSection
EndGlobal
