
Microsoft Visual Studio Solution File, Format Version 12.00
# Visual Studio Version 16
VisualStudioVersion = 16.0.31410.357
MinimumVisualStudioVersion = 10.0.40219.1
Project("{FAE04EC0-301F-11D3-BF4B-00C04F79EFBC}") = "AzureSqLDb", "AzureSqLDb.csproj", "{D73C561B-4D42-49DB-B5A4-14F66926F1CE}"
EndProject
Global
	GlobalSection(SolutionConfigurationPlatforms) = preSolution
		Debug|Any CPU = Debug|Any CPU
		Release|Any CPU = Release|Any CPU
	EndGlobalSection
	GlobalSection(ProjectConfigurationPlatforms) = postSolution
		{D73C561B-4D42-49DB-B5A4-14F66926F1CE}.Debug|Any CPU.ActiveCfg = Debug|Any CPU
		{D73C561B-4D42-49DB-B5A4-14F66926F1CE}.Debug|Any CPU.Build.0 = Debug|Any CPU
		{D73C561B-4D42-49DB-B5A4-14F66926F1CE}.Release|Any CPU.ActiveCfg = Release|Any CPU
		{D73C561B-4D42-49DB-B5A4-14F66926F1CE}.Release|Any CPU.Build.0 = Release|Any CPU
	EndGlobalSection
	GlobalSection(SolutionProperties) = preSolution
		HideSolutionNode = FALSE
	EndGlobalSection
	GlobalSection(ExtensibilityGlobals) = postSolution
		SolutionGuid = {542EC932-CF26-4B53-8329-A7F34F845E5D}
	EndGlobalSection
EndGlobal
