
Microsoft Visual Studio Solution File, Format Version 12.00
# Visual Studio Version 16
VisualStudioVersion = 16.0.31410.357
MinimumVisualStudioVersion = 10.0.40219.1
Project("{FAE04EC0-301F-11D3-BF4B-00C04F79EFBC}") = "WebApiDay6HandsON", "WebApiDay6HandsON.csproj", "{5C9EA68E-5A36-43DD-8674-1F5AE5AA60E8}"
EndProject
Global
	GlobalSection(SolutionConfigurationPlatforms) = preSolution
		Debug|Any CPU = Debug|Any CPU
		Release|Any CPU = Release|Any CPU
	EndGlobalSection
	GlobalSection(ProjectConfigurationPlatforms) = postSolution
		{5C9EA68E-5A36-43DD-8674-1F5AE5AA60E8}.Debug|Any CPU.ActiveCfg = Debug|Any CPU
		{5C9EA68E-5A36-43DD-8674-1F5AE5AA60E8}.Debug|Any CPU.Build.0 = Debug|Any CPU
		{5C9EA68E-5A36-43DD-8674-1F5AE5AA60E8}.Release|Any CPU.ActiveCfg = Release|Any CPU
		{5C9EA68E-5A36-43DD-8674-1F5AE5AA60E8}.Release|Any CPU.Build.0 = Release|Any CPU
	EndGlobalSection
	GlobalSection(SolutionProperties) = preSolution
		HideSolutionNode = FALSE
	EndGlobalSection
	GlobalSection(ExtensibilityGlobals) = postSolution
		SolutionGuid = {886725E2-0A80-42E5-8D64-7E2702F5847D}
	EndGlobalSection
EndGlobal
